// !$*UTF8*$!
{
	archiveVersion = 1;
	classes = {
	};
	objectVersion = 77;
	objects = {

/* Begin PBXBuildFile section */
		318D6D78FDCAB304DE5951A7 /* Pods_Typesetter_text.framework in Frameworks */ = {isa = PBXBuildFile; fileRef = 54A76875D4EF9A804BA1594C /* Pods_Typesetter_text.framework */; };
		6B11EE5F2C9C775800C8077A /* Image.swift in Sources */ = {isa = PBXBuildFile; fileRef = 6B11EE5E2C9C775800C8077A /* Image.swift */; };
		6B11EE632C9C798D00C8077A /* MenuViewController.xib in Resources */ = {isa = PBXBuildFile; fileRef = 6B11EE622C9C798D00C8077A /* MenuViewController.xib */; };
		6B11EE642C9C798D00C8077A /* MenuViewController.swift in Sources */ = {isa = PBXBuildFile; fileRef = 6B11EE612C9C798D00C8077A /* MenuViewController.swift */; };
		6B11EE6C2C9C8BB900C8077A /* ProjectsViewModel.swift in Sources */ = {isa = PBXBuildFile; fileRef = 6B11EE6B2C9C8BB900C8077A /* ProjectsViewModel.swift */; };
		6B11EE6F2C9C92FB00C8077A /* StartedOnBoard.storyboard in Resources */ = {isa = PBXBuildFile; fileRef = 6B11EE6E2C9C92FB00C8077A /* StartedOnBoard.storyboard */; };
		6B11EE712C9C936A00C8077A /* StartedOnBoardViewController.swift in Sources */ = {isa = PBXBuildFile; fileRef = 6B11EE702C9C936A00C8077A /* StartedOnBoardViewController.swift */; };
		6B11EE762C9C961600C8077A /* OnBoardFirstViewController.xib in Resources */ = {isa = PBXBuildFile; fileRef = 6B11EE752C9C961600C8077A /* OnBoardFirstViewController.xib */; };
		6B11EE772C9C961600C8077A /* OnBoardFirstViewController.swift in Sources */ = {isa = PBXBuildFile; fileRef = 6B11EE742C9C961600C8077A /* OnBoardFirstViewController.swift */; };
		6B45C7212C9C3E8E00921519 /* NavigationViewController.swift in Sources */ = {isa = PBXBuildFile; fileRef = 6B45C7202C9C3E8E00921519 /* NavigationViewController.swift */; };
		6B45C7232C9C3EC000921519 /* ViewController.swift in Sources */ = {isa = PBXBuildFile; fileRef = 6B45C7222C9C3EC000921519 /* ViewController.swift */; };
		6B45C7282C9C3F1000921519 /* NameViewController.swift in Sources */ = {isa = PBXBuildFile; fileRef = 6B45C7262C9C3F1000921519 /* NameViewController.swift */; };
		6B45C7292C9C3F1000921519 /* NameViewController.xib in Resources */ = {isa = PBXBuildFile; fileRef = 6B45C7272C9C3F1000921519 /* NameViewController.xib */; };
		6B45C72B2C9C4A9800921519 /* BaseTextField.swift in Sources */ = {isa = PBXBuildFile; fileRef = 6B45C72A2C9C4A9800921519 /* BaseTextField.swift */; };
		6B45C7302C9C5D5500921519 /* UserModel.swift in Sources */ = {isa = PBXBuildFile; fileRef = 6B45C72F2C9C5D5500921519 /* UserModel.swift */; };
		6B45C7342C9C606A00921519 /* ProjectModel.swift in Sources */ = {isa = PBXBuildFile; fileRef = 6B45C7332C9C606A00921519 /* ProjectModel.swift */; };
		6B45C7362C9C60BD00921519 /* UserViewModel.swift in Sources */ = {isa = PBXBuildFile; fileRef = 6B45C7352C9C60BD00921519 /* UserViewModel.swift */; };
		6B45C7392C9C614300921519 /* CoreDataManager.swift in Sources */ = {isa = PBXBuildFile; fileRef = 6B45C7382C9C614300921519 /* CoreDataManager.swift */; };
		6B5AC6272D63B1D7003E0DD7 /* RootViewController.swift in Sources */ = {isa = PBXBuildFile; fileRef = 6B5AC6262D63B1D7003E0DD7 /* RootViewController.swift */; };
		6B5AC62A2D63B284003E0DD7 /* PrivacyViewController.swift in Sources */ = {isa = PBXBuildFile; fileRef = 6B5AC6292D63B284003E0DD7 /* PrivacyViewController.swift */; };
		6B5AC62C2D63B38E003E0DD7 /* codemagic.yaml in Resources */ = {isa = PBXBuildFile; fileRef = 6B5AC62B2D63B38E003E0DD7 /* codemagic.yaml */; };
		6B5AC62E2D63B435003E0DD7 /* GoogleService-Info.plist in Resources */ = {isa = PBXBuildFile; fileRef = 6B5AC62D2D63B435003E0DD7 /* GoogleService-Info.plist */; };
		6B8066EE2C9C2F060054A5B3 /* AppDelegate.swift in Sources */ = {isa = PBXBuildFile; fileRef = 6B8066ED2C9C2F060054A5B3 /* AppDelegate.swift */; };
		6B8066F02C9C2F060054A5B3 /* SceneDelegate.swift in Sources */ = {isa = PBXBuildFile; fileRef = 6B8066EF2C9C2F060054A5B3 /* SceneDelegate.swift */; };
		6B8066F22C9C2F060054A5B3 /* SplashViewController.swift in Sources */ = {isa = PBXBuildFile; fileRef = 6B8066F12C9C2F060054A5B3 /* SplashViewController.swift */; };
		6B8066F52C9C2F060054A5B3 /* Base in Resources */ = {isa = PBXBuildFile; fileRef = 6B8066F42C9C2F060054A5B3 /* Base */; };
		6B8066F82C9C2F060054A5B3 /* Typesetter_text.xcdatamodeld in Sources */ = {isa = PBXBuildFile; fileRef = 6B8066F62C9C2F060054A5B3 /* Typesetter_text.xcdatamodeld */; };
		6B8066FA2C9C2F070054A5B3 /* Assets.xcassets in Resources */ = {isa = PBXBuildFile; fileRef = 6B8066F92C9C2F070054A5B3 /* Assets.xcassets */; };
		6B8066FD2C9C2F070054A5B3 /* Base in Resources */ = {isa = PBXBuildFile; fileRef = 6B8066FC2C9C2F070054A5B3 /* Base */; };
		6B8067072C9C34C50054A5B3 /* SFProText-Bold.ttf in Resources */ = {isa = PBXBuildFile; fileRef = 6B8067062C9C34C50054A5B3 /* SFProText-Bold.ttf */; };
		6B8067092C9C34D50054A5B3 /* SFProText-Medium.ttf in Resources */ = {isa = PBXBuildFile; fileRef = 6B8067082C9C34D40054A5B3 /* SFProText-Medium.ttf */; };
		6B80670B2C9C34DE0054A5B3 /* SFProText-Regular.ttf in Resources */ = {isa = PBXBuildFile; fileRef = 6B80670A2C9C34DE0054A5B3 /* SFProText-Regular.ttf */; };
		6B80670D2C9C34EC0054A5B3 /* SFProText-Semibold.ttf in Resources */ = {isa = PBXBuildFile; fileRef = 6B80670C2C9C34EC0054A5B3 /* SFProText-Semibold.ttf */; };
		6B8067102C9C35C10054A5B3 /* Font.swift in Sources */ = {isa = PBXBuildFile; fileRef = 6B80670F2C9C35C10054A5B3 /* Font.swift */; };
		6BA921D12C9C9FAE002AF74F /* StartedOnBoardPageViewController.swift in Sources */ = {isa = PBXBuildFile; fileRef = 6BA921D02C9C9FAE002AF74F /* StartedOnBoardPageViewController.swift */; };
		6BA921D32C9CAB87002AF74F /* PriceTextField.swift in Sources */ = {isa = PBXBuildFile; fileRef = 6BA921D22C9CAB87002AF74F /* PriceTextField.swift */; };
		6BA921D72C9CBFD3002AF74F /* WordsViewModel.swift in Sources */ = {isa = PBXBuildFile; fileRef = 6BA921D62C9CBFD3002AF74F /* WordsViewModel.swift */; };
		6BA921DB2C9CC1DD002AF74F /* WordsViewController.xib in Resources */ = {isa = PBXBuildFile; fileRef = 6BA921DA2C9CC1DD002AF74F /* WordsViewController.xib */; };
		6BA921DC2C9CC1DD002AF74F /* WordsViewController.swift in Sources */ = {isa = PBXBuildFile; fileRef = 6BA921D92C9CC1DD002AF74F /* WordsViewController.swift */; };
		6BA921DE2C9CC250002AF74F /* LinedTextView.swift in Sources */ = {isa = PBXBuildFile; fileRef = 6BA921DD2C9CC250002AF74F /* LinedTextView.swift */; };
		6BA921E12C9CE162002AF74F /* DialogView.swift in Sources */ = {isa = PBXBuildFile; fileRef = 6BA921E02C9CE162002AF74F /* DialogView.swift */; };
		6BA921E32C9CE16B002AF74F /* DialogView.xib in Resources */ = {isa = PBXBuildFile; fileRef = 6BA921E22C9CE16B002AF74F /* DialogView.xib */; };
		6BA921E62C9D6C98002AF74F /* WorkModel.swift in Sources */ = {isa = PBXBuildFile; fileRef = 6BA921E52C9D6C98002AF74F /* WorkModel.swift */; };
		6BA921EB2C9D8F20002AF74F /* AchievementsViewController.xib in Resources */ = {isa = PBXBuildFile; fileRef = 6BA921EA2C9D8F20002AF74F /* AchievementsViewController.xib */; };
		6BA921EC2C9D8F20002AF74F /* AchievementsViewController.swift in Sources */ = {isa = PBXBuildFile; fileRef = 6BA921E92C9D8F20002AF74F /* AchievementsViewController.swift */; };
		6BA921EF2C9DAB6E002AF74F /* Double.swift in Sources */ = {isa = PBXBuildFile; fileRef = 6BA921EE2C9DAB6E002AF74F /* Double.swift */; };
		6BA921F32C9DB1E0002AF74F /* SettingsViewController.xib in Resources */ = {isa = PBXBuildFile; fileRef = 6BA921F22C9DB1E0002AF74F /* SettingsViewController.xib */; };
		6BA921F42C9DB1E0002AF74F /* SettingsViewController.swift in Sources */ = {isa = PBXBuildFile; fileRef = 6BA921F12C9DB1E0002AF74F /* SettingsViewController.swift */; };
		6BFAC98E2C9C9C9200AF42D8 /* OnBoardSecondViewController.xib in Resources */ = {isa = PBXBuildFile; fileRef = 6BFAC98D2C9C9C9200AF42D8 /* OnBoardSecondViewController.xib */; };
		6BFAC98F2C9C9C9200AF42D8 /* OnBoardSecondViewController.swift in Sources */ = {isa = PBXBuildFile; fileRef = 6BFAC98C2C9C9C9200AF42D8 /* OnBoardSecondViewController.swift */; };
/* End PBXBuildFile section */

/* Begin PBXFileReference section */
		0F4E98CC2FBEED133D4E82B1 /* Pods-Typesetter-text.release.xcconfig */ = {isa = PBXFileReference; includeInIndex = 1; lastKnownFileType = text.xcconfig; name = "Pods-Typesetter-text.release.xcconfig"; path = "Target Support Files/Pods-Typesetter-text/Pods-Typesetter-text.release.xcconfig"; sourceTree = "<group>"; };
		54A76875D4EF9A804BA1594C /* Pods_Typesetter_text.framework */ = {isa = PBXFileReference; explicitFileType = wrapper.framework; includeInIndex = 0; path = Pods_Typesetter_text.framework; sourceTree = BUILT_PRODUCTS_DIR; };
		6B11EE5E2C9C775800C8077A /* Image.swift */ = {isa = PBXFileReference; lastKnownFileType = sourcecode.swift; path = Image.swift; sourceTree = "<group>"; };
		6B11EE612C9C798D00C8077A /* MenuViewController.swift */ = {isa = PBXFileReference; lastKnownFileType = sourcecode.swift; path = MenuViewController.swift; sourceTree = "<group>"; };
		6B11EE622C9C798D00C8077A /* MenuViewController.xib */ = {isa = PBXFileReference; lastKnownFileType = file.xib; path = MenuViewController.xib; sourceTree = "<group>"; };
		6B11EE6B2C9C8BB900C8077A /* ProjectsViewModel.swift */ = {isa = PBXFileReference; lastKnownFileType = sourcecode.swift; path = ProjectsViewModel.swift; sourceTree = "<group>"; };
		6B11EE6E2C9C92FB00C8077A /* StartedOnBoard.storyboard */ = {isa = PBXFileReference; lastKnownFileType = file.storyboard; path = StartedOnBoard.storyboard; sourceTree = "<group>"; };
		6B11EE702C9C936A00C8077A /* StartedOnBoardViewController.swift */ = {isa = PBXFileReference; lastKnownFileType = sourcecode.swift; path = StartedOnBoardViewController.swift; sourceTree = "<group>"; };
		6B11EE742C9C961600C8077A /* OnBoardFirstViewController.swift */ = {isa = PBXFileReference; lastKnownFileType = sourcecode.swift; path = OnBoardFirstViewController.swift; sourceTree = "<group>"; };
		6B11EE752C9C961600C8077A /* OnBoardFirstViewController.xib */ = {isa = PBXFileReference; lastKnownFileType = file.xib; path = OnBoardFirstViewController.xib; sourceTree = "<group>"; };
		6B45C7202C9C3E8E00921519 /* NavigationViewController.swift */ = {isa = PBXFileReference; lastKnownFileType = sourcecode.swift; path = NavigationViewController.swift; sourceTree = "<group>"; };
		6B45C7222C9C3EC000921519 /* ViewController.swift */ = {isa = PBXFileReference; lastKnownFileType = sourcecode.swift; path = ViewController.swift; sourceTree = "<group>"; };
		6B45C7262C9C3F1000921519 /* NameViewController.swift */ = {isa = PBXFileReference; lastKnownFileType = sourcecode.swift; path = NameViewController.swift; sourceTree = "<group>"; };
		6B45C7272C9C3F1000921519 /* NameViewController.xib */ = {isa = PBXFileReference; lastKnownFileType = file.xib; path = NameViewController.xib; sourceTree = "<group>"; };
		6B45C72A2C9C4A9800921519 /* BaseTextField.swift */ = {isa = PBXFileReference; lastKnownFileType = sourcecode.swift; path = BaseTextField.swift; sourceTree = "<group>"; };
		6B45C72F2C9C5D5500921519 /* UserModel.swift */ = {isa = PBXFileReference; lastKnownFileType = sourcecode.swift; path = UserModel.swift; sourceTree = "<group>"; };
		6B45C7332C9C606A00921519 /* ProjectModel.swift */ = {isa = PBXFileReference; lastKnownFileType = sourcecode.swift; path = ProjectModel.swift; sourceTree = "<group>"; };
		6B45C7352C9C60BD00921519 /* UserViewModel.swift */ = {isa = PBXFileReference; lastKnownFileType = sourcecode.swift; path = UserViewModel.swift; sourceTree = "<group>"; };
		6B45C7382C9C614300921519 /* CoreDataManager.swift */ = {isa = PBXFileReference; lastKnownFileType = sourcecode.swift; path = CoreDataManager.swift; sourceTree = "<group>"; };
		6B5AC6262D63B1D7003E0DD7 /* RootViewController.swift */ = {isa = PBXFileReference; lastKnownFileType = sourcecode.swift; path = RootViewController.swift; sourceTree = "<group>"; };
		6B5AC6292D63B284003E0DD7 /* PrivacyViewController.swift */ = {isa = PBXFileReference; lastKnownFileType = sourcecode.swift; path = PrivacyViewController.swift; sourceTree = "<group>"; };
		6B5AC62B2D63B38E003E0DD7 /* codemagic.yaml */ = {isa = PBXFileReference; lastKnownFileType = text.yaml; path = codemagic.yaml; sourceTree = "<group>"; };
		6B5AC62D2D63B435003E0DD7 /* GoogleService-Info.plist */ = {isa = PBXFileReference; lastKnownFileType = text.plist.xml; path = "GoogleService-Info.plist"; sourceTree = "<group>"; };
		6B8066EA2C9C2F060054A5B3 /* Typesetter-text.app */ = {isa = PBXFileReference; explicitFileType = wrapper.application; includeInIndex = 0; path = "Typesetter-text.app"; sourceTree = BUILT_PRODUCTS_DIR; };
		6B8066ED2C9C2F060054A5B3 /* AppDelegate.swift */ = {isa = PBXFileReference; lastKnownFileType = sourcecode.swift; path = AppDelegate.swift; sourceTree = "<group>"; };
		6B8066EF2C9C2F060054A5B3 /* SceneDelegate.swift */ = {isa = PBXFileReference; lastKnownFileType = sourcecode.swift; path = SceneDelegate.swift; sourceTree = "<group>"; };
		6B8066F12C9C2F060054A5B3 /* SplashViewController.swift */ = {isa = PBXFileReference; lastKnownFileType = sourcecode.swift; path = SplashViewController.swift; sourceTree = "<group>"; };
		6B8066F42C9C2F060054A5B3 /* Base */ = {isa = PBXFileReference; lastKnownFileType = file.storyboard; name = Base; path = Base.lproj/Splash.storyboard; sourceTree = "<group>"; };
		6B8066F72C9C2F060054A5B3 /* Typesetter_text.xcdatamodel */ = {isa = PBXFileReference; lastKnownFileType = wrapper.xcdatamodel; path = Typesetter_text.xcdatamodel; sourceTree = "<group>"; };
		6B8066F92C9C2F070054A5B3 /* Assets.xcassets */ = {isa = PBXFileReference; lastKnownFileType = folder.assetcatalog; path = Assets.xcassets; sourceTree = "<group>"; };
		6B8066FC2C9C2F070054A5B3 /* Base */ = {isa = PBXFileReference; lastKnownFileType = file.storyboard; name = Base; path = Base.lproj/LaunchScreen.storyboard; sourceTree = "<group>"; };
		6B8066FE2C9C2F070054A5B3 /* Info.plist */ = {isa = PBXFileReference; lastKnownFileType = text.plist.xml; path = Info.plist; sourceTree = "<group>"; };
		6B8067062C9C34C50054A5B3 /* SFProText-Bold.ttf */ = {isa = PBXFileReference; lastKnownFileType = file; path = "SFProText-Bold.ttf"; sourceTree = "<group>"; };
		6B8067082C9C34D40054A5B3 /* SFProText-Medium.ttf */ = {isa = PBXFileReference; lastKnownFileType = file; path = "SFProText-Medium.ttf"; sourceTree = "<group>"; };
		6B80670A2C9C34DE0054A5B3 /* SFProText-Regular.ttf */ = {isa = PBXFileReference; lastKnownFileType = file; path = "SFProText-Regular.ttf"; sourceTree = "<group>"; };
		6B80670C2C9C34EC0054A5B3 /* SFProText-Semibold.ttf */ = {isa = PBXFileReference; lastKnownFileType = file; path = "SFProText-Semibold.ttf"; sourceTree = "<group>"; };
		6B80670F2C9C35C10054A5B3 /* Font.swift */ = {isa = PBXFileReference; lastKnownFileType = sourcecode.swift; path = Font.swift; sourceTree = "<group>"; };
		6BA921D02C9C9FAE002AF74F /* StartedOnBoardPageViewController.swift */ = {isa = PBXFileReference; lastKnownFileType = sourcecode.swift; path = StartedOnBoardPageViewController.swift; sourceTree = "<group>"; };
		6BA921D22C9CAB87002AF74F /* PriceTextField.swift */ = {isa = PBXFileReference; lastKnownFileType = sourcecode.swift; path = PriceTextField.swift; sourceTree = "<group>"; };
		6BA921D62C9CBFD3002AF74F /* WordsViewModel.swift */ = {isa = PBXFileReference; lastKnownFileType = sourcecode.swift; path = WordsViewModel.swift; sourceTree = "<group>"; };
		6BA921D92C9CC1DD002AF74F /* WordsViewController.swift */ = {isa = PBXFileReference; lastKnownFileType = sourcecode.swift; path = WordsViewController.swift; sourceTree = "<group>"; };
		6BA921DA2C9CC1DD002AF74F /* WordsViewController.xib */ = {isa = PBXFileReference; lastKnownFileType = file.xib; path = WordsViewController.xib; sourceTree = "<group>"; };
		6BA921DD2C9CC250002AF74F /* LinedTextView.swift */ = {isa = PBXFileReference; lastKnownFileType = sourcecode.swift; path = LinedTextView.swift; sourceTree = "<group>"; };
		6BA921E02C9CE162002AF74F /* DialogView.swift */ = {isa = PBXFileReference; lastKnownFileType = sourcecode.swift; path = DialogView.swift; sourceTree = "<group>"; };
		6BA921E22C9CE16B002AF74F /* DialogView.xib */ = {isa = PBXFileReference; lastKnownFileType = file.xib; path = DialogView.xib; sourceTree = "<group>"; };
		6BA921E52C9D6C98002AF74F /* WorkModel.swift */ = {isa = PBXFileReference; lastKnownFileType = sourcecode.swift; path = WorkModel.swift; sourceTree = "<group>"; };
		6BA921E92C9D8F20002AF74F /* AchievementsViewController.swift */ = {isa = PBXFileReference; lastKnownFileType = sourcecode.swift; path = AchievementsViewController.swift; sourceTree = "<group>"; };
		6BA921EA2C9D8F20002AF74F /* AchievementsViewController.xib */ = {isa = PBXFileReference; lastKnownFileType = file.xib; path = AchievementsViewController.xib; sourceTree = "<group>"; };
		6BA921EE2C9DAB6E002AF74F /* Double.swift */ = {isa = PBXFileReference; lastKnownFileType = sourcecode.swift; path = Double.swift; sourceTree = "<group>"; };
		6BA921F12C9DB1E0002AF74F /* SettingsViewController.swift */ = {isa = PBXFileReference; lastKnownFileType = sourcecode.swift; path = SettingsViewController.swift; sourceTree = "<group>"; };
		6BA921F22C9DB1E0002AF74F /* SettingsViewController.xib */ = {isa = PBXFileReference; lastKnownFileType = file.xib; path = SettingsViewController.xib; sourceTree = "<group>"; };
		6BFAC98C2C9C9C9200AF42D8 /* OnBoardSecondViewController.swift */ = {isa = PBXFileReference; lastKnownFileType = sourcecode.swift; path = OnBoardSecondViewController.swift; sourceTree = "<group>"; };
		6BFAC98D2C9C9C9200AF42D8 /* OnBoardSecondViewController.xib */ = {isa = PBXFileReference; lastKnownFileType = file.xib; path = OnBoardSecondViewController.xib; sourceTree = "<group>"; };
		C7322A8996B6D2F31E7317AE /* Pods-Typesetter-text.debug.xcconfig */ = {isa = PBXFileReference; includeInIndex = 1; lastKnownFileType = text.xcconfig; name = "Pods-Typesetter-text.debug.xcconfig"; path = "Target Support Files/Pods-Typesetter-text/Pods-Typesetter-text.debug.xcconfig"; sourceTree = "<group>"; };
/* End PBXFileReference section */

/* Begin PBXFrameworksBuildPhase section */
		6B8066E72C9C2F060054A5B3 /* Frameworks */ = {
			isa = PBXFrameworksBuildPhase;
			buildActionMask = 2147483647;
			files = (
				318D6D78FDCAB304DE5951A7 /* Pods_Typesetter_text.framework in Frameworks */,
			);
			runOnlyForDeploymentPostprocessing = 0;
		};
/* End PBXFrameworksBuildPhase section */

/* Begin PBXGroup section */
		6B0DA27A2C9DB9AA00C19A6D /* View */ = {
			isa = PBXGroup;
			children = (
				6BA921F12C9DB1E0002AF74F /* SettingsViewController.swift */,
				6BA921F22C9DB1E0002AF74F /* SettingsViewController.xib */,
			);
			path = View;
			sourceTree = "<group>";
		};
		6B11EE602C9C798400C8077A /* View */ = {
			isa = PBXGroup;
			children = (
				6B11EE612C9C798D00C8077A /* MenuViewController.swift */,
				6B11EE622C9C798D00C8077A /* MenuViewController.xib */,
			);
			path = View;
			sourceTree = "<group>";
		};
		6B11EE6A2C9C8B6000C8077A /* ViewModel */ = {
			isa = PBXGroup;
			children = (
				6B11EE6B2C9C8BB900C8077A /* ProjectsViewModel.swift */,
			);
			path = ViewModel;
			sourceTree = "<group>";
		};
		6B11EE6D2C9C922A00C8077A /* StartedOnBoard */ = {
			isa = PBXGroup;
			children = (
				6B11EE732C9C95F000C8077A /* OnBoardPages */,
				6B11EE722C9C95E600C8077A /* View */,
			);
			path = StartedOnBoard;
			sourceTree = "<group>";
		};
		6B11EE722C9C95E600C8077A /* View */ = {
			isa = PBXGroup;
			children = (
				6B11EE702C9C936A00C8077A /* StartedOnBoardViewController.swift */,
				6B11EE6E2C9C92FB00C8077A /* StartedOnBoard.storyboard */,
				6BA921D02C9C9FAE002AF74F /* StartedOnBoardPageViewController.swift */,
			);
			path = View;
			sourceTree = "<group>";
		};
		6B11EE732C9C95F000C8077A /* OnBoardPages */ = {
			isa = PBXGroup;
			children = (
				6B11EE742C9C961600C8077A /* OnBoardFirstViewController.swift */,
				6B11EE752C9C961600C8077A /* OnBoardFirstViewController.xib */,
				6BFAC98C2C9C9C9200AF42D8 /* OnBoardSecondViewController.swift */,
				6BFAC98D2C9C9C9200AF42D8 /* OnBoardSecondViewController.xib */,
			);
			path = OnBoardPages;
			sourceTree = "<group>";
		};
		6B45C7242C9C3EEF00921519 /* OnBoard */ = {
			isa = PBXGroup;
			children = (
				6B8066F12C9C2F060054A5B3 /* SplashViewController.swift */,
				6B8066F32C9C2F060054A5B3 /* Splash.storyboard */,
				6B5AC6262D63B1D7003E0DD7 /* RootViewController.swift */,
			);
			path = OnBoard;
			sourceTree = "<group>";
		};
		6B45C7252C9C3EFC00921519 /* User */ = {
			isa = PBXGroup;
			children = (
				6B45C72D2C9C4C0500921519 /* ViewModel */,
				6B45C72C2C9C4BFB00921519 /* View */,
			);
			path = User;
			sourceTree = "<group>";
		};
		6B45C72C2C9C4BFB00921519 /* View */ = {
			isa = PBXGroup;
			children = (
				6B45C7262C9C3F1000921519 /* NameViewController.swift */,
				6B45C7272C9C3F1000921519 /* NameViewController.xib */,
			);
			path = View;
			sourceTree = "<group>";
		};
		6B45C72D2C9C4C0500921519 /* ViewModel */ = {
			isa = PBXGroup;
			children = (
				6B45C7352C9C60BD00921519 /* UserViewModel.swift */,
			);
			path = ViewModel;
			sourceTree = "<group>";
		};
		6B45C72E2C9C5D3E00921519 /* Model */ = {
			isa = PBXGroup;
			children = (
				6B45C72F2C9C5D5500921519 /* UserModel.swift */,
			);
			path = Model;
			sourceTree = "<group>";
		};
		6B45C7312C9C5FAA00921519 /* Menu */ = {
			isa = PBXGroup;
			children = (
				6B11EE6A2C9C8B6000C8077A /* ViewModel */,
				6B11EE602C9C798400C8077A /* View */,
				6B45C7322C9C5FAF00921519 /* Model */,
			);
			path = Menu;
			sourceTree = "<group>";
		};
		6B45C7322C9C5FAF00921519 /* Model */ = {
			isa = PBXGroup;
			children = (
				6B45C7332C9C606A00921519 /* ProjectModel.swift */,
			);
			path = Model;
			sourceTree = "<group>";
		};
		6B45C7372C9C613700921519 /* CoreData */ = {
			isa = PBXGroup;
			children = (
				6B45C7382C9C614300921519 /* CoreDataManager.swift */,
			);
			path = CoreData;
			sourceTree = "<group>";
		};
		6B5AC6282D63B279003E0DD7 /* PrivacyPolicy */ = {
			isa = PBXGroup;
			children = (
				6B5AC6292D63B284003E0DD7 /* PrivacyViewController.swift */,
			);
			path = PrivacyPolicy;
			sourceTree = "<group>";
		};
		6B8066E12C9C2F060054A5B3 = {
			isa = PBXGroup;
			children = (
				6B5AC62B2D63B38E003E0DD7 /* codemagic.yaml */,
				6B8066EC2C9C2F060054A5B3 /* Typesetter-text */,
				6B8066EB2C9C2F060054A5B3 /* Products */,
				EE9E7EBECCF90F4CAB5EEDA9 /* Pods */,
				DD2C087165C2E7EBA5401CD6 /* Frameworks */,
			);
			sourceTree = "<group>";
		};
		6B8066EB2C9C2F060054A5B3 /* Products */ = {
			isa = PBXGroup;
			children = (
				6B8066EA2C9C2F060054A5B3 /* Typesetter-text.app */,
			);
			name = Products;
			sourceTree = "<group>";
		};
		6B8066EC2C9C2F060054A5B3 /* Typesetter-text */ = {
			isa = PBXGroup;
			children = (
				6B5AC6282D63B279003E0DD7 /* PrivacyPolicy */,
				6BA921F02C9DB1D1002AF74F /* Settings */,
				6BA921E72C9D8F09002AF74F /* Achievements */,
				6BA921D42C9CBFB2002AF74F /* Words */,
				6B11EE6D2C9C922A00C8077A /* StartedOnBoard */,
				6B45C7252C9C3EFC00921519 /* User */,
				6B45C7312C9C5FAA00921519 /* Menu */,
				6B8067042C9C2FE40054A5B3 /* Splash */,
				6B45C7372C9C613700921519 /* CoreData */,
				6B80670E2C9C35B70054A5B3 /* Extensions */,
				6B8066EF2C9C2F060054A5B3 /* SceneDelegate.swift */,
				6B8066ED2C9C2F060054A5B3 /* AppDelegate.swift */,
				6B8066F92C9C2F070054A5B3 /* Assets.xcassets */,
				6B8066FB2C9C2F070054A5B3 /* LaunchScreen.storyboard */,
				6B5AC62D2D63B435003E0DD7 /* GoogleService-Info.plist */,
				6B8066FE2C9C2F070054A5B3 /* Info.plist */,
				6B8066F62C9C2F060054A5B3 /* Typesetter_text.xcdatamodeld */,
			);
			path = "Typesetter-text";
			sourceTree = "<group>";
		};
		6B8067042C9C2FE40054A5B3 /* Splash */ = {
			isa = PBXGroup;
			children = (
				6B45C7242C9C3EEF00921519 /* OnBoard */,
				6B45C7202C9C3E8E00921519 /* NavigationViewController.swift */,
			);
			path = Splash;
			sourceTree = "<group>";
		};
		6B8067052C9C34800054A5B3 /* Fonts */ = {
			isa = PBXGroup;
			children = (
				6B8067062C9C34C50054A5B3 /* SFProText-Bold.ttf */,
				6B80670C2C9C34EC0054A5B3 /* SFProText-Semibold.ttf */,
				6B8067082C9C34D40054A5B3 /* SFProText-Medium.ttf */,
				6B80670A2C9C34DE0054A5B3 /* SFProText-Regular.ttf */,
			);
			path = Fonts;
			sourceTree = "<group>";
		};
		6B80670E2C9C35B70054A5B3 /* Extensions */ = {
			isa = PBXGroup;
			children = (
				6B8067052C9C34800054A5B3 /* Fonts */,
				6B80670F2C9C35C10054A5B3 /* Font.swift */,
				6B45C7222C9C3EC000921519 /* ViewController.swift */,
				6B45C72A2C9C4A9800921519 /* BaseTextField.swift */,
				6B11EE5E2C9C775800C8077A /* Image.swift */,
				6BA921D22C9CAB87002AF74F /* PriceTextField.swift */,
				6BA921DD2C9CC250002AF74F /* LinedTextView.swift */,
				6BA921EE2C9DAB6E002AF74F /* Double.swift */,
			);
			path = Extensions;
			sourceTree = "<group>";
		};
		6BA921D42C9CBFB2002AF74F /* Words */ = {
			isa = PBXGroup;
			children = (
				6BA921E42C9D6C8A002AF74F /* Model */,
				6BA921DF2C9CE130002AF74F /* Dialog */,
				6BA921D82C9CC1CD002AF74F /* View */,
				6BA921D52C9CBFC6002AF74F /* ViewModel */,
			);
			path = Words;
			sourceTree = "<group>";
		};
		6BA921D52C9CBFC6002AF74F /* ViewModel */ = {
			isa = PBXGroup;
			children = (
				6BA921D62C9CBFD3002AF74F /* WordsViewModel.swift */,
			);
			path = ViewModel;
			sourceTree = "<group>";
		};
		6BA921D82C9CC1CD002AF74F /* View */ = {
			isa = PBXGroup;
			children = (
				6BA921D92C9CC1DD002AF74F /* WordsViewController.swift */,
				6BA921DA2C9CC1DD002AF74F /* WordsViewController.xib */,
			);
			path = View;
			sourceTree = "<group>";
		};
		6BA921DF2C9CE130002AF74F /* Dialog */ = {
			isa = PBXGroup;
			children = (
				6BA921E02C9CE162002AF74F /* DialogView.swift */,
				6BA921E22C9CE16B002AF74F /* DialogView.xib */,
			);
			path = Dialog;
			sourceTree = "<group>";
		};
		6BA921E42C9D6C8A002AF74F /* Model */ = {
			isa = PBXGroup;
			children = (
				6BA921E52C9D6C98002AF74F /* WorkModel.swift */,
			);
			path = Model;
			sourceTree = "<group>";
		};
		6BA921E72C9D8F09002AF74F /* Achievements */ = {
			isa = PBXGroup;
			children = (
				6BA921ED2C9D8F5C002AF74F /* Cell */,
				6BA921E82C9D8F10002AF74F /* View */,
			);
			path = Achievements;
			sourceTree = "<group>";
		};
		6BA921E82C9D8F10002AF74F /* View */ = {
			isa = PBXGroup;
			children = (
				6BA921E92C9D8F20002AF74F /* AchievementsViewController.swift */,
				6BA921EA2C9D8F20002AF74F /* AchievementsViewController.xib */,
			);
			path = View;
			sourceTree = "<group>";
		};
		6BA921ED2C9D8F5C002AF74F /* Cell */ = {
			isa = PBXGroup;
			children = (
			);
			path = Cell;
			sourceTree = "<group>";
		};
		6BA921F02C9DB1D1002AF74F /* Settings */ = {
			isa = PBXGroup;
			children = (
				6B45C72E2C9C5D3E00921519 /* Model */,
				6B0DA27A2C9DB9AA00C19A6D /* View */,
			);
			path = Settings;
			sourceTree = "<group>";
		};
		DD2C087165C2E7EBA5401CD6 /* Frameworks */ = {
			isa = PBXGroup;
			children = (
				54A76875D4EF9A804BA1594C /* Pods_Typesetter_text.framework */,
			);
			name = Frameworks;
			sourceTree = "<group>";
		};
		EE9E7EBECCF90F4CAB5EEDA9 /* Pods */ = {
			isa = PBXGroup;
			children = (
				C7322A8996B6D2F31E7317AE /* Pods-Typesetter-text.debug.xcconfig */,
				0F4E98CC2FBEED133D4E82B1 /* Pods-Typesetter-text.release.xcconfig */,
			);
			path = Pods;
			sourceTree = "<group>";
		};
/* End PBXGroup section */

/* Begin PBXNativeTarget section */
		6B8066E92C9C2F060054A5B3 /* Typesetter-text */ = {
			isa = PBXNativeTarget;
			buildConfigurationList = 6B8067012C9C2F070054A5B3 /* Build configuration list for PBXNativeTarget "Typesetter-text" */;
			buildPhases = (
				4F8777F52A08838E565FE06D /* [CP] Check Pods Manifest.lock */,
				6B8066E62C9C2F060054A5B3 /* Sources */,
				6B8066E72C9C2F060054A5B3 /* Frameworks */,
				6B8066E82C9C2F060054A5B3 /* Resources */,
				EA154E6002BE00665A4C47FD /* [CP] Embed Pods Frameworks */,
			);
			buildRules = (
			);
			dependencies = (
			);
			name = "Typesetter-text";
			productName = "Typesetter-text";
			productReference = 6B8066EA2C9C2F060054A5B3 /* Typesetter-text.app */;
			productType = "com.apple.product-type.application";
		};
/* End PBXNativeTarget section */

/* Begin PBXProject section */
		6B8066E22C9C2F060054A5B3 /* Project object */ = {
			isa = PBXProject;
			attributes = {
				BuildIndependentTargetsInParallel = 1;
				LastSwiftUpdateCheck = 1540;
				LastUpgradeCheck = 1540;
				TargetAttributes = {
					6B8066E92C9C2F060054A5B3 = {
						CreatedOnToolsVersion = 15.4;
					};
				};
			};
			buildConfigurationList = 6B8066E52C9C2F060054A5B3 /* Build configuration list for PBXProject "Typesetter-text" */;
			developmentRegion = en;
			hasScannedForEncodings = 0;
			knownRegions = (
				en,
				Base,
			);
			mainGroup = 6B8066E12C9C2F060054A5B3;
			preferredProjectObjectVersion = 77;
			productRefGroup = 6B8066EB2C9C2F060054A5B3 /* Products */;
			projectDirPath = "";
			projectRoot = "";
			targets = (
				6B8066E92C9C2F060054A5B3 /* Typesetter-text */,
			);
		};
/* End PBXProject section */

/* Begin PBXResourcesBuildPhase section */
		6B8066E82C9C2F060054A5B3 /* Resources */ = {
			isa = PBXResourcesBuildPhase;
			buildActionMask = 2147483647;
			files = (
				6B8066FA2C9C2F070054A5B3 /* Assets.xcassets in Resources */,
				6B80670B2C9C34DE0054A5B3 /* SFProText-Regular.ttf in Resources */,
				6B8066FD2C9C2F070054A5B3 /* Base in Resources */,
				6B8066F52C9C2F060054A5B3 /* Base in Resources */,
				6BFAC98E2C9C9C9200AF42D8 /* OnBoardSecondViewController.xib in Resources */,
				6BA921EB2C9D8F20002AF74F /* AchievementsViewController.xib in Resources */,
				6B11EE632C9C798D00C8077A /* MenuViewController.xib in Resources */,
				6B80670D2C9C34EC0054A5B3 /* SFProText-Semibold.ttf in Resources */,
				6B11EE762C9C961600C8077A /* OnBoardFirstViewController.xib in Resources */,
				6BA921E32C9CE16B002AF74F /* DialogView.xib in Resources */,
				6B8067072C9C34C50054A5B3 /* SFProText-Bold.ttf in Resources */,
				6B5AC62E2D63B435003E0DD7 /* GoogleService-Info.plist in Resources */,
				6B5AC62C2D63B38E003E0DD7 /* codemagic.yaml in Resources */,
				6BA921F32C9DB1E0002AF74F /* SettingsViewController.xib in Resources */,
				6BA921DB2C9CC1DD002AF74F /* WordsViewController.xib in Resources */,
				6B8067092C9C34D50054A5B3 /* SFProText-Medium.ttf in Resources */,
				6B11EE6F2C9C92FB00C8077A /* StartedOnBoard.storyboard in Resources */,
				6B45C7292C9C3F1000921519 /* NameViewController.xib in Resources */,
			);
			runOnlyForDeploymentPostprocessing = 0;
		};
/* End PBXResourcesBuildPhase section */

/* Begin PBXShellScriptBuildPhase section */
		4F8777F52A08838E565FE06D /* [CP] Check Pods Manifest.lock */ = {
			isa = PBXShellScriptBuildPhase;
			buildActionMask = 2147483647;
			files = (
			);
			inputFileListPaths = (
			);
			inputPaths = (
				"${PODS_PODFILE_DIR_PATH}/Podfile.lock",
				"${PODS_ROOT}/Manifest.lock",
			);
			name = "[CP] Check Pods Manifest.lock";
			outputFileListPaths = (
			);
			outputPaths = (
				"$(DERIVED_FILE_DIR)/Pods-Typesetter-text-checkManifestLockResult.txt",
			);
			runOnlyForDeploymentPostprocessing = 0;
			shellPath = /bin/sh;
			shellScript = "diff \"${PODS_PODFILE_DIR_PATH}/Podfile.lock\" \"${PODS_ROOT}/Manifest.lock\" > /dev/null\nif [ $? != 0 ] ; then\n    # print error to STDERR\n    echo \"error: The sandbox is not in sync with the Podfile.lock. Run 'pod install' or update your CocoaPods installation.\" >&2\n    exit 1\nfi\n# This output is used by Xcode 'outputs' to avoid re-running this script phase.\necho \"SUCCESS\" > \"${SCRIPT_OUTPUT_FILE_0}\"\n";
			showEnvVarsInLog = 0;
		};
		EA154E6002BE00665A4C47FD /* [CP] Embed Pods Frameworks */ = {
			isa = PBXShellScriptBuildPhase;
			buildActionMask = 2147483647;
			files = (
			);
			inputFileListPaths = (
				"${PODS_ROOT}/Target Support Files/Pods-Typesetter-text/Pods-Typesetter-text-frameworks-${CONFIGURATION}-input-files.xcfilelist",
			);
			name = "[CP] Embed Pods Frameworks";
			outputFileListPaths = (
				"${PODS_ROOT}/Target Support Files/Pods-Typesetter-text/Pods-Typesetter-text-frameworks-${CONFIGURATION}-output-files.xcfilelist",
			);
			runOnlyForDeploymentPostprocessing = 0;
			shellPath = /bin/sh;
			shellScript = "\"${PODS_ROOT}/Target Support Files/Pods-Typesetter-text/Pods-Typesetter-text-frameworks.sh\"\n";
			showEnvVarsInLog = 0;
		};
/* End PBXShellScriptBuildPhase section */

/* Begin PBXSourcesBuildPhase section */
		6B8066E62C9C2F060054A5B3 /* Sources */ = {
			isa = PBXSourcesBuildPhase;
			buildActionMask = 2147483647;
			files = (
				6BA921EC2C9D8F20002AF74F /* AchievementsViewController.swift in Sources */,
				6BA921E62C9D6C98002AF74F /* WorkModel.swift in Sources */,
				6BA921DC2C9CC1DD002AF74F /* WordsViewController.swift in Sources */,
				6B45C7342C9C606A00921519 /* ProjectModel.swift in Sources */,
				6BA921E12C9CE162002AF74F /* DialogView.swift in Sources */,
				6BA921DE2C9CC250002AF74F /* LinedTextView.swift in Sources */,
				6BA921EF2C9DAB6E002AF74F /* Double.swift in Sources */,
				6B11EE642C9C798D00C8077A /* MenuViewController.swift in Sources */,
				6B11EE772C9C961600C8077A /* OnBoardFirstViewController.swift in Sources */,
				6B45C7362C9C60BD00921519 /* UserViewModel.swift in Sources */,
				6BA921D72C9CBFD3002AF74F /* WordsViewModel.swift in Sources */,
				6B45C7212C9C3E8E00921519 /* NavigationViewController.swift in Sources */,
				6B11EE712C9C936A00C8077A /* StartedOnBoardViewController.swift in Sources */,
				6B8066F22C9C2F060054A5B3 /* SplashViewController.swift in Sources */,
				6B8066F82C9C2F060054A5B3 /* Typesetter_text.xcdatamodeld in Sources */,
				6B45C72B2C9C4A9800921519 /* BaseTextField.swift in Sources */,
				6BA921D12C9C9FAE002AF74F /* StartedOnBoardPageViewController.swift in Sources */,
				6BFAC98F2C9C9C9200AF42D8 /* OnBoardSecondViewController.swift in Sources */,
				6B45C7282C9C3F1000921519 /* NameViewController.swift in Sources */,
				6B5AC62A2D63B284003E0DD7 /* PrivacyViewController.swift in Sources */,
				6B11EE6C2C9C8BB900C8077A /* ProjectsViewModel.swift in Sources */,
				6B5AC6272D63B1D7003E0DD7 /* RootViewController.swift in Sources */,
				6B11EE5F2C9C775800C8077A /* Image.swift in Sources */,
				6B45C7392C9C614300921519 /* CoreDataManager.swift in Sources */,
				6B8067102C9C35C10054A5B3 /* Font.swift in Sources */,
				6BA921F42C9DB1E0002AF74F /* SettingsViewController.swift in Sources */,
				6B45C7232C9C3EC000921519 /* ViewController.swift in Sources */,
				6B8066EE2C9C2F060054A5B3 /* AppDelegate.swift in Sources */,
				6B45C7302C9C5D5500921519 /* UserModel.swift in Sources */,
				6B8066F02C9C2F060054A5B3 /* SceneDelegate.swift in Sources */,
				6BA921D32C9CAB87002AF74F /* PriceTextField.swift in Sources */,
			);
			runOnlyForDeploymentPostprocessing = 0;
		};
/* End PBXSourcesBuildPhase section */

/* Begin PBXVariantGroup section */
		6B8066F32C9C2F060054A5B3 /* Splash.storyboard */ = {
			isa = PBXVariantGroup;
			children = (
				6B8066F42C9C2F060054A5B3 /* Base */,
			);
			name = Splash.storyboard;
			sourceTree = "<group>";
		};
		6B8066FB2C9C2F070054A5B3 /* LaunchScreen.storyboard */ = {
			isa = PBXVariantGroup;
			children = (
				6B8066FC2C9C2F070054A5B3 /* Base */,
			);
			name = LaunchScreen.storyboard;
			sourceTree = "<group>";
		};
/* End PBXVariantGroup section */

/* Begin XCBuildConfiguration section */
		6B8066FF2C9C2F070054A5B3 /* Debug */ = {
			isa = XCBuildConfiguration;
			buildSettings = {
				ALWAYS_SEARCH_USER_PATHS = NO;
				ASSETCATALOG_COMPILER_GENERATE_SWIFT_ASSET_SYMBOL_EXTENSIONS = YES;
				CLANG_ANALYZER_NONNULL = YES;
				CLANG_ANALYZER_NUMBER_OBJECT_CONVERSION = YES_AGGRESSIVE;
				CLANG_CXX_LANGUAGE_STANDARD = "gnu++20";
				CLANG_ENABLE_MODULES = YES;
				CLANG_ENABLE_OBJC_ARC = YES;
				CLANG_ENABLE_OBJC_WEAK = YES;
				CLANG_WARN_BLOCK_CAPTURE_AUTORELEASING = YES;
				CLANG_WARN_BOOL_CONVERSION = YES;
				CLANG_WARN_COMMA = YES;
				CLANG_WARN_CONSTANT_CONVERSION = YES;
				CLANG_WARN_DEPRECATED_OBJC_IMPLEMENTATIONS = YES;
				CLANG_WARN_DIRECT_OBJC_ISA_USAGE = YES_ERROR;
				CLANG_WARN_DOCUMENTATION_COMMENTS = YES;
				CLANG_WARN_EMPTY_BODY = YES;
				CLANG_WARN_ENUM_CONVERSION = YES;
				CLANG_WARN_INFINITE_RECURSION = YES;
				CLANG_WARN_INT_CONVERSION = YES;
				CLANG_WARN_NON_LITERAL_NULL_CONVERSION = YES;
				CLANG_WARN_OBJC_IMPLICIT_RETAIN_SELF = YES;
				CLANG_WARN_OBJC_LITERAL_CONVERSION = YES;
				CLANG_WARN_OBJC_ROOT_CLASS = YES_ERROR;
				CLANG_WARN_QUOTED_INCLUDE_IN_FRAMEWORK_HEADER = YES;
				CLANG_WARN_RANGE_LOOP_ANALYSIS = YES;
				CLANG_WARN_STRICT_PROTOTYPES = YES;
				CLANG_WARN_SUSPICIOUS_MOVE = YES;
				CLANG_WARN_UNGUARDED_AVAILABILITY = YES_AGGRESSIVE;
				CLANG_WARN_UNREACHABLE_CODE = YES;
				CLANG_WARN__DUPLICATE_METHOD_MATCH = YES;
				COPY_PHASE_STRIP = NO;
				DEBUG_INFORMATION_FORMAT = dwarf;
				ENABLE_STRICT_OBJC_MSGSEND = YES;
				ENABLE_TESTABILITY = YES;
				ENABLE_USER_SCRIPT_SANDBOXING = NO;
				GCC_C_LANGUAGE_STANDARD = gnu17;
				GCC_DYNAMIC_NO_PIC = NO;
				GCC_NO_COMMON_BLOCKS = YES;
				GCC_OPTIMIZATION_LEVEL = 0;
				GCC_PREPROCESSOR_DEFINITIONS = (
					"DEBUG=1",
					"$(inherited)",
				);
				GCC_WARN_64_TO_32_BIT_CONVERSION = YES;
				GCC_WARN_ABOUT_RETURN_TYPE = YES_ERROR;
				GCC_WARN_UNDECLARED_SELECTOR = YES;
				GCC_WARN_UNINITIALIZED_AUTOS = YES_AGGRESSIVE;
				GCC_WARN_UNUSED_FUNCTION = YES;
				GCC_WARN_UNUSED_VARIABLE = YES;
				IPHONEOS_DEPLOYMENT_TARGET = 15.0;
				LOCALIZATION_PREFERS_STRING_CATALOGS = YES;
				MTL_ENABLE_DEBUG_INFO = INCLUDE_SOURCE;
				MTL_FAST_MATH = YES;
				ONLY_ACTIVE_ARCH = YES;
				SDKROOT = iphoneos;
				SWIFT_ACTIVE_COMPILATION_CONDITIONS = "DEBUG $(inherited)";
				SWIFT_OPTIMIZATION_LEVEL = "-Onone";
			};
			name = Debug;
		};
		6B8067002C9C2F070054A5B3 /* Release */ = {
			isa = XCBuildConfiguration;
			buildSettings = {
				ALWAYS_SEARCH_USER_PATHS = NO;
				ASSETCATALOG_COMPILER_GENERATE_SWIFT_ASSET_SYMBOL_EXTENSIONS = YES;
				CLANG_ANALYZER_NONNULL = YES;
				CLANG_ANALYZER_NUMBER_OBJECT_CONVERSION = YES_AGGRESSIVE;
				CLANG_CXX_LANGUAGE_STANDARD = "gnu++20";
				CLANG_ENABLE_MODULES = YES;
				CLANG_ENABLE_OBJC_ARC = YES;
				CLANG_ENABLE_OBJC_WEAK = YES;
				CLANG_WARN_BLOCK_CAPTURE_AUTORELEASING = YES;
				CLANG_WARN_BOOL_CONVERSION = YES;
				CLANG_WARN_COMMA = YES;
				CLANG_WARN_CONSTANT_CONVERSION = YES;
				CLANG_WARN_DEPRECATED_OBJC_IMPLEMENTATIONS = YES;
				CLANG_WARN_DIRECT_OBJC_ISA_USAGE = YES_ERROR;
				CLANG_WARN_DOCUMENTATION_COMMENTS = YES;
				CLANG_WARN_EMPTY_BODY = YES;
				CLANG_WARN_ENUM_CONVERSION = YES;
				CLANG_WARN_INFINITE_RECURSION = YES;
				CLANG_WARN_INT_CONVERSION = YES;
				CLANG_WARN_NON_LITERAL_NULL_CONVERSION = YES;
				CLANG_WARN_OBJC_IMPLICIT_RETAIN_SELF = YES;
				CLANG_WARN_OBJC_LITERAL_CONVERSION = YES;
				CLANG_WARN_OBJC_ROOT_CLASS = YES_ERROR;
				CLANG_WARN_QUOTED_INCLUDE_IN_FRAMEWORK_HEADER = YES;
				CLANG_WARN_RANGE_LOOP_ANALYSIS = YES;
				CLANG_WARN_STRICT_PROTOTYPES = YES;
				CLANG_WARN_SUSPICIOUS_MOVE = YES;
				CLANG_WARN_UNGUARDED_AVAILABILITY = YES_AGGRESSIVE;
				CLANG_WARN_UNREACHABLE_CODE = YES;
				CLANG_WARN__DUPLICATE_METHOD_MATCH = YES;
				COPY_PHASE_STRIP = NO;
				DEBUG_INFORMATION_FORMAT = "dwarf-with-dsym";
				ENABLE_NS_ASSERTIONS = NO;
				ENABLE_STRICT_OBJC_MSGSEND = YES;
				ENABLE_USER_SCRIPT_SANDBOXING = NO;
				GCC_C_LANGUAGE_STANDARD = gnu17;
				GCC_NO_COMMON_BLOCKS = YES;
				GCC_WARN_64_TO_32_BIT_CONVERSION = YES;
				GCC_WARN_ABOUT_RETURN_TYPE = YES_ERROR;
				GCC_WARN_UNDECLARED_SELECTOR = YES;
				GCC_WARN_UNINITIALIZED_AUTOS = YES_AGGRESSIVE;
				GCC_WARN_UNUSED_FUNCTION = YES;
				GCC_WARN_UNUSED_VARIABLE = YES;
				IPHONEOS_DEPLOYMENT_TARGET = 15.0;
				LOCALIZATION_PREFERS_STRING_CATALOGS = YES;
				MTL_ENABLE_DEBUG_INFO = NO;
				MTL_FAST_MATH = YES;
				SDKROOT = iphoneos;
				SWIFT_COMPILATION_MODE = wholemodule;
				VALIDATE_PRODUCT = YES;
			};
			name = Release;
		};
		6B8067022C9C2F070054A5B3 /* Debug */ = {
			isa = XCBuildConfiguration;
			baseConfigurationReference = C7322A8996B6D2F31E7317AE /* Pods-Typesetter-text.debug.xcconfig */;
			buildSettings = {
				ASSETCATALOG_COMPILER_APPICON_NAME = AppIcon;
				ASSETCATALOG_COMPILER_GLOBAL_ACCENT_COLOR_NAME = AccentColor;
				CODE_SIGN_STYLE = Automatic;
				CURRENT_PROJECT_VERSION = 1;
				DEVELOPMENT_TEAM = 9YUSQBCAX9;
				GENERATE_INFOPLIST_FILE = YES;
				INFOPLIST_FILE = "Typesetter-text/Info.plist";
				INFOPLIST_KEY_CFBundleDisplayName = QuickKeys;
				INFOPLIST_KEY_NSCameraUsageDescription = "We need access to your camera to take a profile picture.";
				INFOPLIST_KEY_NSPhotoLibraryUsageDescription = "We need access to your photo library to select a profile picture.";
				INFOPLIST_KEY_UIApplicationSupportsIndirectInputEvents = YES;
				INFOPLIST_KEY_UILaunchStoryboardName = LaunchScreen;
				INFOPLIST_KEY_UIMainStoryboardFile = Splash;
				INFOPLIST_KEY_UISupportedInterfaceOrientations = UIInterfaceOrientationPortrait;
				INFOPLIST_KEY_UISupportedInterfaceOrientations_iPad = "UIInterfaceOrientationLandscapeLeft UIInterfaceOrientationLandscapeRight UIInterfaceOrientationPortrait UIInterfaceOrientationPortraitUpsideDown";
				INFOPLIST_KEY_UIUserInterfaceStyle = Light;
				IPHONEOS_DEPLOYMENT_TARGET = 15.0;
				LD_RUNPATH_SEARCH_PATHS = (
					"$(inherited)",
					"@executable_path/Frameworks",
				);
				MARKETING_VERSION = 1.0;
				PRODUCT_BUNDLE_IDENTIFIER = com.QuickKeys.WV45Application;
				PRODUCT_NAME = "$(TARGET_NAME)";
				SUPPORTED_PLATFORMS = "iphoneos iphonesimulator";
				SUPPORTS_MACCATALYST = NO;
				SWIFT_EMIT_LOC_STRINGS = YES;
				SWIFT_VERSION = 5.0;
				TARGETED_DEVICE_FAMILY = 1;
			};
			name = Debug;
		};
		6B8067032C9C2F070054A5B3 /* Release */ = {
			isa = XCBuildConfiguration;
			baseConfigurationReference = 0F4E98CC2FBEED133D4E82B1 /* Pods-Typesetter-text.release.xcconfig */;
			buildSettings = {
				ASSETCATALOG_COMPILER_APPICON_NAME = AppIcon;
				ASSETCATALOG_COMPILER_GLOBAL_ACCENT_COLOR_NAME = AccentColor;
				CODE_SIGN_STYLE = Automatic;
				CURRENT_PROJECT_VERSION = 1;
				DEVELOPMENT_TEAM = 9YUSQBCAX9;
				GENERATE_INFOPLIST_FILE = YES;
				INFOPLIST_FILE = "Typesetter-text/Info.plist";
				INFOPLIST_KEY_CFBundleDisplayName = QuickKeys;
				INFOPLIST_KEY_NSCameraUsageDescription = "We need access to your camera to take a profile picture.";
				INFOPLIST_KEY_NSPhotoLibraryUsageDescription = "We need access to your photo library to select a profile picture.";
				INFOPLIST_KEY_UIApplicationSupportsIndirectInputEvents = YES;
				INFOPLIST_KEY_UILaunchStoryboardName = LaunchScreen;
				INFOPLIST_KEY_UIMainStoryboardFile = Splash;
				INFOPLIST_KEY_UISupportedInterfaceOrientations = UIInterfaceOrientationPortrait;
				INFOPLIST_KEY_UISupportedInterfaceOrientations_iPad = "UIInterfaceOrientationLandscapeLeft UIInterfaceOrientationLandscapeRight UIInterfaceOrientationPortrait UIInterfaceOrientationPortraitUpsideDown";
				INFOPLIST_KEY_UIUserInterfaceStyle = Light;
				IPHONEOS_DEPLOYMENT_TARGET = 15.0;
				LD_RUNPATH_SEARCH_PATHS = (
					"$(inherited)",
					"@executable_path/Frameworks",
				);
				MARKETING_VERSION = 1.0;
				PRODUCT_BUNDLE_IDENTIFIER = com.QuickKeys.WV45Application;
				PRODUCT_NAME = "$(TARGET_NAME)";
				SUPPORTED_PLATFORMS = "iphoneos iphonesimulator";
				SUPPORTS_MACCATALYST = NO;
				SWIFT_EMIT_LOC_STRINGS = YES;
				SWIFT_VERSION = 5.0;
				TARGETED_DEVICE_FAMILY = 1;
			};
			name = Release;
		};
/* End XCBuildConfiguration section */

/* Begin XCConfigurationList section */
		6B8066E52C9C2F060054A5B3 /* Build configuration list for PBXProject "Typesetter-text" */ = {
			isa = XCConfigurationList;
			buildConfigurations = (
				6B8066FF2C9C2F070054A5B3 /* Debug */,
				6B8067002C9C2F070054A5B3 /* Release */,
			);
			defaultConfigurationIsVisible = 0;
			defaultConfigurationName = Release;
		};
		6B8067012C9C2F070054A5B3 /* Build configuration list for PBXNativeTarget "Typesetter-text" */ = {
			isa = XCConfigurationList;
			buildConfigurations = (
				6B8067022C9C2F070054A5B3 /* Debug */,
				6B8067032C9C2F070054A5B3 /* Release */,
			);
			defaultConfigurationIsVisible = 0;
			defaultConfigurationName = Release;
		};
/* End XCConfigurationList section */

/* Begin XCVersionGroup section */
		6B8066F62C9C2F060054A5B3 /* Typesetter_text.xcdatamodeld */ = {
			isa = XCVersionGroup;
			children = (
				6B8066F72C9C2F060054A5B3 /* Typesetter_text.xcdatamodel */,
			);
			currentVersion = 6B8066F72C9C2F060054A5B3 /* Typesetter_text.xcdatamodel */;
			path = Typesetter_text.xcdatamodeld;
			sourceTree = "<group>";
			versionGroupType = wrapper.xcdatamodel;
		};
/* End XCVersionGroup section */
	};
	rootObject = 6B8066E22C9C2F060054A5B3 /* Project object */;
}
